
Microsoft Visual Studio Solution File, Format Version 12.00
# Visual Studio Version 16
VisualStudioVersion = 16.0.29905.134
MinimumVisualStudioVersion = 10.0.40219.1
Project("{9A19103F-16F7-4668-BE54-9A1E7A4F7556}") = "FactoryMethod", "FactoryMethod\FactoryMethod.csproj", "{A38D88AB-3917-40A6-828C-D7F8F52DC5EE}"
EndProject
Project("{9A19103F-16F7-4668-BE54-9A1E7A4F7556}") = "AbstractFactoryPattern", "AbstractFactoryPattern\AbstractFactoryPattern.csproj", "{527873D7-FFC5-4BAF-9E0C-42D0B395802F}"
EndProject
Project("{FAE04EC0-301F-11D3-BF4B-00C04F79EFBC}") = "AdapterPattern", "AdapterPattern\AdapterPattern.csproj", "{A7449330-349F-4C32-8967-F5238F358709}"
EndProject
Global
	GlobalSection(SolutionConfigurationPlatforms) = preSolution
		Debug|Any CPU = Debug|Any CPU
		Release|Any CPU = Release|Any CPU
	EndGlobalSection
	GlobalSection(ProjectConfigurationPlatforms) = postSolution
		{A38D88AB-3917-40A6-828C-D7F8F52DC5EE}.Debug|Any CPU.ActiveCfg = Debug|Any CPU
		{A38D88AB-3917-40A6-828C-D7F8F52DC5EE}.Debug|Any CPU.Build.0 = Debug|Any CPU
		{A38D88AB-3917-40A6-828C-D7F8F52DC5EE}.Release|Any CPU.ActiveCfg = Release|Any CPU
		{A38D88AB-3917-40A6-828C-D7F8F52DC5EE}.Release|Any CPU.Build.0 = Release|Any CPU
		{527873D7-FFC5-4BAF-9E0C-42D0B395802F}.Debug|Any CPU.ActiveCfg = Debug|Any CPU
		{527873D7-FFC5-4BAF-9E0C-42D0B395802F}.Debug|Any CPU.Build.0 = Debug|Any CPU
		{527873D7-FFC5-4BAF-9E0C-42D0B395802F}.Release|Any CPU.ActiveCfg = Release|Any CPU
		{527873D7-FFC5-4BAF-9E0C-42D0B395802F}.Release|Any CPU.Build.0 = Release|Any CPU
		{A7449330-349F-4C32-8967-F5238F358709}.Debug|Any CPU.ActiveCfg = Debug|Any CPU
		{A7449330-349F-4C32-8967-F5238F358709}.Debug|Any CPU.Build.0 = Debug|Any CPU
		{A7449330-349F-4C32-8967-F5238F358709}.Release|Any CPU.ActiveCfg = Release|Any CPU
		{A7449330-349F-4C32-8967-F5238F358709}.Release|Any CPU.Build.0 = Release|Any CPU
	EndGlobalSection
	GlobalSection(SolutionProperties) = preSolution
		HideSolutionNode = FALSE
	EndGlobalSection
	GlobalSection(ExtensibilityGlobals) = postSolution
		SolutionGuid = {D20BC3AE-E63C-4675-B3B8-2DD4AA3348DB}
	EndGlobalSection
EndGlobal
